
Microsoft Visual Studio Solution File, Format Version 12.00
# Visual Studio Version 17
VisualStudioVersion = 17.4.33122.133
MinimumVisualStudioVersion = 10.0.40219.1
Project("{FAE04EC0-301F-11D3-BF4B-00C04F79EFBC}") = "FileManager", "FileManager\FileManager.csproj", "{D45A498E-8846-488A-876D-8850D4A7D884}"
EndProject
Global
	GlobalSection(SolutionConfigurationPlatforms) = preSolution
		Debug|Any CPU = Debug|Any CPU
		Release|Any CPU = Release|Any CPU
	EndGlobalSection
	GlobalSection(ProjectConfigurationPlatforms) = postSolution
		{D45A498E-8846-488A-876D-8850D4A7D884}.Debug|Any CPU.ActiveCfg = Debug|Any CPU
		{D45A498E-8846-488A-876D-8850D4A7D884}.Debug|Any CPU.Build.0 = Debug|Any CPU
		{D45A498E-8846-488A-876D-8850D4A7D884}.Release|Any CPU.ActiveCfg = Release|Any CPU
		{D45A498E-8846-488A-876D-8850D4A7D884}.Release|Any CPU.Build.0 = Release|Any CPU
	EndGlobalSection
	GlobalSection(SolutionProperties) = preSolution
		HideSolutionNode = FALSE
	EndGlobalSection
	GlobalSection(ExtensibilityGlobals) = postSolution
		SolutionGuid = {810414BA-2543-4AD5-A410-E46A8D9B3765}
	EndGlobalSection
EndGlobal
